
Microsoft Visual Studio Solution File, Format Version 12.00
# Visual Studio 15
VisualStudioVersion = 15.0.27130.2010
MinimumVisualStudioVersion = 10.0.40219.1
Project("{9A19103F-16F7-4668-BE54-9A1E7A4F7556}") = "UsingInterface", "UsingInterface\UsingInterface.csproj", "{EA8C267A-7C5C-4EC2-98C1-85D75763E6A6}"
EndProject
Project("{9A19103F-16F7-4668-BE54-9A1E7A4F7556}") = "UsingAbstract", "UsingAbstract\UsingAbstract.csproj", "{2D3F948D-F5B1-4707-A55F-E1B177E428C9}"
EndProject
Project("{9A19103F-16F7-4668-BE54-9A1E7A4F7556}") = "WithOutPattern", "WithOutPattern\WithOutPattern.csproj", "{B3933395-BD78-480B-9E8B-588438C8CFA1}"
EndProject
Global
	GlobalSection(SolutionConfigurationPlatforms) = preSolution
		Debug|Any CPU = Debug|Any CPU
		Release|Any CPU = Release|Any CPU
	EndGlobalSection
	GlobalSection(ProjectConfigurationPlatforms) = postSolution
		{EA8C267A-7C5C-4EC2-98C1-85D75763E6A6}.Debug|Any CPU.ActiveCfg = Debug|Any CPU
		{EA8C267A-7C5C-4EC2-98C1-85D75763E6A6}.Debug|Any CPU.Build.0 = Debug|Any CPU
		{EA8C267A-7C5C-4EC2-98C1-85D75763E6A6}.Release|Any CPU.ActiveCfg = Release|Any CPU
		{EA8C267A-7C5C-4EC2-98C1-85D75763E6A6}.Release|Any CPU.Build.0 = Release|Any CPU
		{2D3F948D-F5B1-4707-A55F-E1B177E428C9}.Debug|Any CPU.ActiveCfg = Debug|Any CPU
		{2D3F948D-F5B1-4707-A55F-E1B177E428C9}.Debug|Any CPU.Build.0 = Debug|Any CPU
		{2D3F948D-F5B1-4707-A55F-E1B177E428C9}.Release|Any CPU.ActiveCfg = Release|Any CPU
		{2D3F948D-F5B1-4707-A55F-E1B177E428C9}.Release|Any CPU.Build.0 = Release|Any CPU
		{B3933395-BD78-480B-9E8B-588438C8CFA1}.Debug|Any CPU.ActiveCfg = Debug|Any CPU
		{B3933395-BD78-480B-9E8B-588438C8CFA1}.Debug|Any CPU.Build.0 = Debug|Any CPU
		{B3933395-BD78-480B-9E8B-588438C8CFA1}.Release|Any CPU.ActiveCfg = Release|Any CPU
		{B3933395-BD78-480B-9E8B-588438C8CFA1}.Release|Any CPU.Build.0 = Release|Any CPU
	EndGlobalSection
	GlobalSection(SolutionProperties) = preSolution
		HideSolutionNode = FALSE
	EndGlobalSection
	GlobalSection(ExtensibilityGlobals) = postSolution
		SolutionGuid = {B81DEF9C-797B-407F-97D5-6BE70E6CA787}
	EndGlobalSection
EndGlobal
